
Microsoft Visual Studio Solution File, Format Version 12.00
# Visual Studio Version 16
VisualStudioVersion = 16.0.31205.134
MinimumVisualStudioVersion = 10.0.40219.1
Project("{FAE04EC0-301F-11D3-BF4B-00C04F79EFBC}") = "WinFormsApp2", "WinFormsApp2\WinFormsApp2.csproj", "{23FAF142-4C70-4537-AFFB-48A7E4A1599B}"
EndProject
Global
	GlobalSection(SolutionConfigurationPlatforms) = preSolution
		Debug|Any CPU = Debug|Any CPU
		Release|Any CPU = Release|Any CPU
	EndGlobalSection
	GlobalSection(ProjectConfigurationPlatforms) = postSolution
		{23FAF142-4C70-4537-AFFB-48A7E4A1599B}.Debug|Any CPU.ActiveCfg = Debug|Any CPU
		{23FAF142-4C70-4537-AFFB-48A7E4A1599B}.Debug|Any CPU.Build.0 = Debug|Any CPU
		{23FAF142-4C70-4537-AFFB-48A7E4A1599B}.Release|Any CPU.ActiveCfg = Release|Any CPU
		{23FAF142-4C70-4537-AFFB-48A7E4A1599B}.Release|Any CPU.Build.0 = Release|Any CPU
	EndGlobalSection
	GlobalSection(SolutionProperties) = preSolution
		HideSolutionNode = FALSE
	EndGlobalSection
	GlobalSection(ExtensibilityGlobals) = postSolution
		SolutionGuid = {90235325-DC45-45FF-9D0C-B14C5AE95242}
	EndGlobalSection
EndGlobal
